
Microsoft Visual Studio Solution File, Format Version 12.00
# Visual Studio Version 16
VisualStudioVersion = 16.0.29806.167
MinimumVisualStudioVersion = 10.0.40219.1
Project("{FAE04EC0-301F-11D3-BF4B-00C04F79EFBC}") = "itau.conta.api.application", "itau.conta.api.application\itau.conta.api.application.csproj", "{B6D7DA99-7EC6-4923-BAD3-DA511940303B}"
EndProject
Project("{FAE04EC0-301F-11D3-BF4B-00C04F79EFBC}") = "itau.conta.api.core", "itau.conta.api.core\itau.conta.api.core.csproj", "{9AA9709F-754E-4852-9E7A-42CE413645E2}"
EndProject
Project("{FAE04EC0-301F-11D3-BF4B-00C04F79EFBC}") = "itau.conta.api.data", "itau.conta.api.data\itau.conta.api.data.csproj", "{1431D648-168E-4478-A2CD-6434BBE5E7C9}"
EndProject
Project("{FAE04EC0-301F-11D3-BF4B-00C04F79EFBC}") = "itau.conta.api.test", "itau.conta.api.test\itau.conta.api.test.csproj", "{66A2538C-4AE9-441B-977F-9CAD27022588}"
EndProject
Global
	GlobalSection(SolutionConfigurationPlatforms) = preSolution
		Debug|Any CPU = Debug|Any CPU
		Release|Any CPU = Release|Any CPU
	EndGlobalSection
	GlobalSection(ProjectConfigurationPlatforms) = postSolution
		{B6D7DA99-7EC6-4923-BAD3-DA511940303B}.Debug|Any CPU.ActiveCfg = Debug|Any CPU
		{B6D7DA99-7EC6-4923-BAD3-DA511940303B}.Debug|Any CPU.Build.0 = Debug|Any CPU
		{B6D7DA99-7EC6-4923-BAD3-DA511940303B}.Release|Any CPU.ActiveCfg = Release|Any CPU
		{B6D7DA99-7EC6-4923-BAD3-DA511940303B}.Release|Any CPU.Build.0 = Release|Any CPU
		{9AA9709F-754E-4852-9E7A-42CE413645E2}.Debug|Any CPU.ActiveCfg = Debug|Any CPU
		{9AA9709F-754E-4852-9E7A-42CE413645E2}.Debug|Any CPU.Build.0 = Debug|Any CPU
		{9AA9709F-754E-4852-9E7A-42CE413645E2}.Release|Any CPU.ActiveCfg = Release|Any CPU
		{9AA9709F-754E-4852-9E7A-42CE413645E2}.Release|Any CPU.Build.0 = Release|Any CPU
		{1431D648-168E-4478-A2CD-6434BBE5E7C9}.Debug|Any CPU.ActiveCfg = Debug|Any CPU
		{1431D648-168E-4478-A2CD-6434BBE5E7C9}.Debug|Any CPU.Build.0 = Debug|Any CPU
		{1431D648-168E-4478-A2CD-6434BBE5E7C9}.Release|Any CPU.ActiveCfg = Release|Any CPU
		{1431D648-168E-4478-A2CD-6434BBE5E7C9}.Release|Any CPU.Build.0 = Release|Any CPU
		{66A2538C-4AE9-441B-977F-9CAD27022588}.Debug|Any CPU.ActiveCfg = Debug|Any CPU
		{66A2538C-4AE9-441B-977F-9CAD27022588}.Debug|Any CPU.Build.0 = Debug|Any CPU
		{66A2538C-4AE9-441B-977F-9CAD27022588}.Release|Any CPU.ActiveCfg = Release|Any CPU
		{66A2538C-4AE9-441B-977F-9CAD27022588}.Release|Any CPU.Build.0 = Release|Any CPU
	EndGlobalSection
	GlobalSection(SolutionProperties) = preSolution
		HideSolutionNode = FALSE
	EndGlobalSection
	GlobalSection(ExtensibilityGlobals) = postSolution
		SolutionGuid = {A24043AF-3878-4ECF-AFC8-074CABA91646}
	EndGlobalSection
EndGlobal
