
Microsoft Visual Studio Solution File, Format Version 12.00
# Visual Studio Version 16
VisualStudioVersion = 16.0.29806.167
MinimumVisualStudioVersion = 10.0.40219.1
Project("{9A19103F-16F7-4668-BE54-9A1E7A4F7556}") = "itau.doc.ext.api.application", "itau.doc.ext.api.application\itau.doc.ext.api.application.csproj", "{DFF655C2-4EC8-471B-92A4-9896D58468FD}"
EndProject
Project("{9A19103F-16F7-4668-BE54-9A1E7A4F7556}") = "itau.doc.ext.api.core", "itau.doc.ext.api.core\itau.doc.ext.api.core.csproj", "{F663450C-0FAD-4E92-8910-AD4843B9E28F}"
EndProject
Global
	GlobalSection(SolutionConfigurationPlatforms) = preSolution
		Debug|Any CPU = Debug|Any CPU
		Release|Any CPU = Release|Any CPU
	EndGlobalSection
	GlobalSection(ProjectConfigurationPlatforms) = postSolution
		{DFF655C2-4EC8-471B-92A4-9896D58468FD}.Debug|Any CPU.ActiveCfg = Debug|Any CPU
		{DFF655C2-4EC8-471B-92A4-9896D58468FD}.Debug|Any CPU.Build.0 = Debug|Any CPU
		{DFF655C2-4EC8-471B-92A4-9896D58468FD}.Release|Any CPU.ActiveCfg = Release|Any CPU
		{DFF655C2-4EC8-471B-92A4-9896D58468FD}.Release|Any CPU.Build.0 = Release|Any CPU
		{F663450C-0FAD-4E92-8910-AD4843B9E28F}.Debug|Any CPU.ActiveCfg = Debug|Any CPU
		{F663450C-0FAD-4E92-8910-AD4843B9E28F}.Debug|Any CPU.Build.0 = Debug|Any CPU
		{F663450C-0FAD-4E92-8910-AD4843B9E28F}.Release|Any CPU.ActiveCfg = Release|Any CPU
		{F663450C-0FAD-4E92-8910-AD4843B9E28F}.Release|Any CPU.Build.0 = Release|Any CPU
	EndGlobalSection
	GlobalSection(SolutionProperties) = preSolution
		HideSolutionNode = FALSE
	EndGlobalSection
	GlobalSection(ExtensibilityGlobals) = postSolution
		SolutionGuid = {186664E3-EA92-48DC-9867-3EB35909D8DC}
	EndGlobalSection
EndGlobal
