
Microsoft Visual Studio Solution File, Format Version 12.00
# Visual Studio Version 16
VisualStudioVersion = 16.0.29806.167
MinimumVisualStudioVersion = 10.0.40219.1
Project("{9A19103F-16F7-4668-BE54-9A1E7A4F7556}") = "itau.ted.api.application", "itau.ted.api.application\itau.ted.api.application.csproj", "{0276101A-3A1B-498E-9EF6-9D9DFBB8EB94}"
EndProject
Project("{9A19103F-16F7-4668-BE54-9A1E7A4F7556}") = "itau.ted.api.core", "itau.ted.api.core\itau.ted.api.core.csproj", "{79E7824A-8A7E-46A1-934B-90DBE872E9ED}"
EndProject
Project("{9A19103F-16F7-4668-BE54-9A1E7A4F7556}") = "itau.ted.api.data", "itau.ted.api.data\itau.ted.api.data.csproj", "{6E71CE8E-3D79-45BA-9C02-2A7187F822CB}"
EndProject
Project("{9A19103F-16F7-4668-BE54-9A1E7A4F7556}") = "itau.ted.api.test", "itau.ted.api.test\itau.ted.api.test.csproj", "{5A855115-9633-42DB-99AD-E4AEECF2EDAF}"
EndProject
Global
	GlobalSection(SolutionConfigurationPlatforms) = preSolution
		Debug|Any CPU = Debug|Any CPU
		Release|Any CPU = Release|Any CPU
	EndGlobalSection
	GlobalSection(ProjectConfigurationPlatforms) = postSolution
		{0276101A-3A1B-498E-9EF6-9D9DFBB8EB94}.Debug|Any CPU.ActiveCfg = Debug|Any CPU
		{0276101A-3A1B-498E-9EF6-9D9DFBB8EB94}.Debug|Any CPU.Build.0 = Debug|Any CPU
		{0276101A-3A1B-498E-9EF6-9D9DFBB8EB94}.Release|Any CPU.ActiveCfg = Release|Any CPU
		{0276101A-3A1B-498E-9EF6-9D9DFBB8EB94}.Release|Any CPU.Build.0 = Release|Any CPU
		{79E7824A-8A7E-46A1-934B-90DBE872E9ED}.Debug|Any CPU.ActiveCfg = Debug|Any CPU
		{79E7824A-8A7E-46A1-934B-90DBE872E9ED}.Debug|Any CPU.Build.0 = Debug|Any CPU
		{79E7824A-8A7E-46A1-934B-90DBE872E9ED}.Release|Any CPU.ActiveCfg = Release|Any CPU
		{79E7824A-8A7E-46A1-934B-90DBE872E9ED}.Release|Any CPU.Build.0 = Release|Any CPU
		{6E71CE8E-3D79-45BA-9C02-2A7187F822CB}.Debug|Any CPU.ActiveCfg = Debug|Any CPU
		{6E71CE8E-3D79-45BA-9C02-2A7187F822CB}.Debug|Any CPU.Build.0 = Debug|Any CPU
		{6E71CE8E-3D79-45BA-9C02-2A7187F822CB}.Release|Any CPU.ActiveCfg = Release|Any CPU
		{6E71CE8E-3D79-45BA-9C02-2A7187F822CB}.Release|Any CPU.Build.0 = Release|Any CPU
		{5A855115-9633-42DB-99AD-E4AEECF2EDAF}.Debug|Any CPU.ActiveCfg = Debug|Any CPU
		{5A855115-9633-42DB-99AD-E4AEECF2EDAF}.Debug|Any CPU.Build.0 = Debug|Any CPU
		{5A855115-9633-42DB-99AD-E4AEECF2EDAF}.Release|Any CPU.ActiveCfg = Release|Any CPU
		{5A855115-9633-42DB-99AD-E4AEECF2EDAF}.Release|Any CPU.Build.0 = Release|Any CPU
	EndGlobalSection
	GlobalSection(SolutionProperties) = preSolution
		HideSolutionNode = FALSE
	EndGlobalSection
	GlobalSection(ExtensibilityGlobals) = postSolution
		SolutionGuid = {A24043AF-3878-4ECF-AFC8-074CABA91646}
	EndGlobalSection
EndGlobal
